// !$*UTF8*$!
{
	archiveVersion = 1;
	classes = {
	};
	objectVersion = 55;
	objects = {

/* Begin PBXBuildFile section */
		7951DB0B28B33100003B2F24 /* MesseDuesseldorf-O1d3.ttf in Resources */ = {isa = PBXBuildFile; fileRef = 7951DB0A28B33100003B2F24 /* MesseDuesseldorf-O1d3.ttf */; };
		798FD2CC2884879900779196 /* AppDelegate.swift in Sources */ = {isa = PBXBuildFile; fileRef = 798FD2CB2884879900779196 /* AppDelegate.swift */; };
		798FD2CE2884879900779196 /* GameScene.sks in Resources */ = {isa = PBXBuildFile; fileRef = 798FD2CD2884879900779196 /* GameScene.sks */; };
		798FD2D22884879900779196 /* playScene.swift in Sources */ = {isa = PBXBuildFile; fileRef = 798FD2D12884879900779196 /* playScene.swift */; };
		798FD2D42884879900779196 /* GameVC.swift in Sources */ = {isa = PBXBuildFile; fileRef = 798FD2D32884879900779196 /* GameVC.swift */; };
		798FD2D72884879900779196 /* Main.storyboard in Resources */ = {isa = PBXBuildFile; fileRef = 798FD2D52884879900779196 /* Main.storyboard */; };
		798FD2D92884879B00779196 /* Assets.xcassets in Resources */ = {isa = PBXBuildFile; fileRef = 798FD2D82884879B00779196 /* Assets.xcassets */; };
		798FD2DC2884879B00779196 /* LaunchScreen.storyboard in Resources */ = {isa = PBXBuildFile; fileRef = 798FD2DA2884879B00779196 /* LaunchScreen.storyboard */; };
		798FD2E3288490B000779196 /* targetLine.swift in Sources */ = {isa = PBXBuildFile; fileRef = 798FD2E2288490B000779196 /* targetLine.swift */; };
		798FD2E528849FD000779196 /* mainMenuVC.swift in Sources */ = {isa = PBXBuildFile; fileRef = 798FD2E428849FD000779196 /* mainMenuVC.swift */; };
		79C1FEC82888D3F200656B2B /* colourShiftLofiSoundtrack.m4a in Resources */ = {isa = PBXBuildFile; fileRef = 79C1FEC72888D3F200656B2B /* colourShiftLofiSoundtrack.m4a */; };
		79C1FECA288A171400656B2B /* optionsVC.swift in Sources */ = {isa = PBXBuildFile; fileRef = 79C1FEC9288A171400656B2B /* optionsVC.swift */; };
		79C1FECC288ACED800656B2B /* mainNC.swift in Sources */ = {isa = PBXBuildFile; fileRef = 79C1FECB288ACED800656B2B /* mainNC.swift */; };
		79C1FECE288ADAE900656B2B /* statsVC.swift in Sources */ = {isa = PBXBuildFile; fileRef = 79C1FECD288ADAE900656B2B /* statsVC.swift */; };
		79C1FED0288C5FC200656B2B /* feedbackVC.swift in Sources */ = {isa = PBXBuildFile; fileRef = 79C1FECF288C5FC200656B2B /* feedbackVC.swift */; };
		79C1FED2288C96AD00656B2B /* TutorialScene.sks in Resources */ = {isa = PBXBuildFile; fileRef = 79C1FED1288C96AD00656B2B /* TutorialScene.sks */; };
		79C1FED4288C96FF00656B2B /* tutorialScene.swift in Sources */ = {isa = PBXBuildFile; fileRef = 79C1FED3288C96FF00656B2B /* tutorialScene.swift */; };
/* End PBXBuildFile section */

/* Begin PBXFileReference section */
		7951DB0A28B33100003B2F24 /* MesseDuesseldorf-O1d3.ttf */ = {isa = PBXFileReference; lastKnownFileType = file; path = "MesseDuesseldorf-O1d3.ttf"; sourceTree = "<group>"; };
		7951DB0C28B3319F003B2F24 /* Colour-Shift-Info.plist */ = {isa = PBXFileReference; lastKnownFileType = text.plist; path = "Colour-Shift-Info.plist"; sourceTree = SOURCE_ROOT; };
		798FD2C82884879900779196 /* Colour Climb.app */ = {isa = PBXFileReference; explicitFileType = wrapper.application; includeInIndex = 0; path = "Colour Climb.app"; sourceTree = BUILT_PRODUCTS_DIR; };
		798FD2CB2884879900779196 /* AppDelegate.swift */ = {isa = PBXFileReference; lastKnownFileType = sourcecode.swift; path = AppDelegate.swift; sourceTree = "<group>"; };
		798FD2CD2884879900779196 /* GameScene.sks */ = {isa = PBXFileReference; lastKnownFileType = file.sks; path = GameScene.sks; sourceTree = "<group>"; };
		798FD2D12884879900779196 /* playScene.swift */ = {isa = PBXFileReference; lastKnownFileType = sourcecode.swift; path = playScene.swift; sourceTree = "<group>"; };
		798FD2D32884879900779196 /* GameVC.swift */ = {isa = PBXFileReference; lastKnownFileType = sourcecode.swift; path = GameVC.swift; sourceTree = "<group>"; };
		798FD2D62884879900779196 /* Base */ = {isa = PBXFileReference; lastKnownFileType = file.storyboard; name = Base; path = Base.lproj/Main.storyboard; sourceTree = "<group>"; };
		798FD2D82884879B00779196 /* Assets.xcassets */ = {isa = PBXFileReference; lastKnownFileType = folder.assetcatalog; path = Assets.xcassets; sourceTree = "<group>"; };
		798FD2DB2884879B00779196 /* Base */ = {isa = PBXFileReference; lastKnownFileType = file.storyboard; name = Base; path = Base.lproj/LaunchScreen.storyboard; sourceTree = "<group>"; };
		798FD2E2288490B000779196 /* targetLine.swift */ = {isa = PBXFileReference; lastKnownFileType = sourcecode.swift; path = targetLine.swift; sourceTree = "<group>"; };
		798FD2E428849FD000779196 /* mainMenuVC.swift */ = {isa = PBXFileReference; lastKnownFileType = sourcecode.swift; path = mainMenuVC.swift; sourceTree = "<group>"; };
		79C1FEC72888D3F200656B2B /* colourShiftLofiSoundtrack.m4a */ = {isa = PBXFileReference; lastKnownFileType = file; path = colourShiftLofiSoundtrack.m4a; sourceTree = "<group>"; };
		79C1FEC9288A171400656B2B /* optionsVC.swift */ = {isa = PBXFileReference; lastKnownFileType = sourcecode.swift; path = optionsVC.swift; sourceTree = "<group>"; };
		79C1FECB288ACED800656B2B /* mainNC.swift */ = {isa = PBXFileReference; lastKnownFileType = sourcecode.swift; path = mainNC.swift; sourceTree = "<group>"; };
		79C1FECD288ADAE900656B2B /* statsVC.swift */ = {isa = PBXFileReference; lastKnownFileType = sourcecode.swift; path = statsVC.swift; sourceTree = "<group>"; };
		79C1FECF288C5FC200656B2B /* feedbackVC.swift */ = {isa = PBXFileReference; lastKnownFileType = sourcecode.swift; path = feedbackVC.swift; sourceTree = "<group>"; };
		79C1FED1288C96AD00656B2B /* TutorialScene.sks */ = {isa = PBXFileReference; lastKnownFileType = file.sks; path = TutorialScene.sks; sourceTree = "<group>"; };
		79C1FED3288C96FF00656B2B /* tutorialScene.swift */ = {isa = PBXFileReference; lastKnownFileType = sourcecode.swift; path = tutorialScene.swift; sourceTree = "<group>"; };
/* End PBXFileReference section */

/* Begin PBXFrameworksBuildPhase section */
		798FD2C52884879900779196 /* Frameworks */ = {
			isa = PBXFrameworksBuildPhase;
			buildActionMask = 2147483647;
			files = (
			);
			runOnlyForDeploymentPostprocessing = 0;
		};
/* End PBXFrameworksBuildPhase section */

/* Begin PBXGroup section */
		798FD2BF2884879900779196 = {
			isa = PBXGroup;
			children = (
				798FD2CA2884879900779196 /* Colour Shift */,
				798FD2C92884879900779196 /* Products */,
			);
			sourceTree = "<group>";
		};
		798FD2C92884879900779196 /* Products */ = {
			isa = PBXGroup;
			children = (
				798FD2C82884879900779196 /* Colour Climb.app */,
			);
			name = Products;
			sourceTree = "<group>";
		};
		798FD2CA2884879900779196 /* Colour Shift */ = {
			isa = PBXGroup;
			children = (
				7951DB0C28B3319F003B2F24 /* Colour-Shift-Info.plist */,
				7951DB0A28B33100003B2F24 /* MesseDuesseldorf-O1d3.ttf */,
				79C1FEC72888D3F200656B2B /* colourShiftLofiSoundtrack.m4a */,
				798FD2CB2884879900779196 /* AppDelegate.swift */,
				79C1FED1288C96AD00656B2B /* TutorialScene.sks */,
				79C1FED3288C96FF00656B2B /* tutorialScene.swift */,
				798FD2CD2884879900779196 /* GameScene.sks */,
				798FD2D12884879900779196 /* playScene.swift */,
				798FD2E2288490B000779196 /* targetLine.swift */,
				798FD2D32884879900779196 /* GameVC.swift */,
				79C1FECD288ADAE900656B2B /* statsVC.swift */,
				79C1FECF288C5FC200656B2B /* feedbackVC.swift */,
				79C1FEC9288A171400656B2B /* optionsVC.swift */,
				798FD2E428849FD000779196 /* mainMenuVC.swift */,
				79C1FECB288ACED800656B2B /* mainNC.swift */,
				798FD2D52884879900779196 /* Main.storyboard */,
				798FD2D82884879B00779196 /* Assets.xcassets */,
				798FD2DA2884879B00779196 /* LaunchScreen.storyboard */,
			);
			path = "Colour Shift";
			sourceTree = "<group>";
		};
/* End PBXGroup section */

/* Begin PBXNativeTarget section */
		798FD2C72884879900779196 /* Colour Shift */ = {
			isa = PBXNativeTarget;
			buildConfigurationList = 798FD2DF2884879B00779196 /* Build configuration list for PBXNativeTarget "Colour Shift" */;
			buildPhases = (
				798FD2C42884879900779196 /* Sources */,
				798FD2C52884879900779196 /* Frameworks */,
				798FD2C62884879900779196 /* Resources */,
			);
			buildRules = (
			);
			dependencies = (
			);
			name = "Colour Shift";
			productName = "Colour Shift";
			productReference = 798FD2C82884879900779196 /* Colour Climb.app */;
			productType = "com.apple.product-type.application";
		};
/* End PBXNativeTarget section */

/* Begin PBXProject section */
		798FD2C02884879900779196 /* Project object */ = {
			isa = PBXProject;
			attributes = {
				BuildIndependentTargetsInParallel = 1;
				LastSwiftUpdateCheck = 1340;
				LastUpgradeCheck = 1340;
				TargetAttributes = {
					798FD2C72884879900779196 = {
						CreatedOnToolsVersion = 13.4.1;
					};
				};
			};
			buildConfigurationList = 798FD2C32884879900779196 /* Build configuration list for PBXProject "Colour Shift" */;
			compatibilityVersion = "Xcode 13.0";
			developmentRegion = en;
			hasScannedForEncodings = 0;
			knownRegions = (
				en,
				Base,
			);
			mainGroup = 798FD2BF2884879900779196;
			productRefGroup = 798FD2C92884879900779196 /* Products */;
			projectDirPath = "";
			projectRoot = "";
			targets = (
				798FD2C72884879900779196 /* Colour Shift */,
			);
		};
/* End PBXProject section */

/* Begin PBXResourcesBuildPhase section */
		798FD2C62884879900779196 /* Resources */ = {
			isa = PBXResourcesBuildPhase;
			buildActionMask = 2147483647;
			files = (
				79C1FEC82888D3F200656B2B /* colourShiftLofiSoundtrack.m4a in Resources */,
				798FD2D72884879900779196 /* Main.storyboard in Resources */,
				79C1FED2288C96AD00656B2B /* TutorialScene.sks in Resources */,
				798FD2CE2884879900779196 /* GameScene.sks in Resources */,
				7951DB0B28B33100003B2F24 /* MesseDuesseldorf-O1d3.ttf in Resources */,
				798FD2D92884879B00779196 /* Assets.xcassets in Resources */,
				798FD2DC2884879B00779196 /* LaunchScreen.storyboard in Resources */,
			);
			runOnlyForDeploymentPostprocessing = 0;
		};
/* End PBXResourcesBuildPhase section */

/* Begin PBXSourcesBuildPhase section */
		798FD2C42884879900779196 /* Sources */ = {
			isa = PBXSourcesBuildPhase;
			buildActionMask = 2147483647;
			files = (
				79C1FED4288C96FF00656B2B /* tutorialScene.swift in Sources */,
				79C1FECE288ADAE900656B2B /* statsVC.swift in Sources */,
				79C1FECC288ACED800656B2B /* mainNC.swift in Sources */,
				798FD2D22884879900779196 /* playScene.swift in Sources */,
				79C1FECA288A171400656B2B /* optionsVC.swift in Sources */,
				798FD2E528849FD000779196 /* mainMenuVC.swift in Sources */,
				798FD2D42884879900779196 /* GameVC.swift in Sources */,
				798FD2E3288490B000779196 /* targetLine.swift in Sources */,
				79C1FED0288C5FC200656B2B /* feedbackVC.swift in Sources */,
				798FD2CC2884879900779196 /* AppDelegate.swift in Sources */,
			);
			runOnlyForDeploymentPostprocessing = 0;
		};
/* End PBXSourcesBuildPhase section */

/* Begin PBXVariantGroup section */
		798FD2D52884879900779196 /* Main.storyboard */ = {
			isa = PBXVariantGroup;
			children = (
				798FD2D62884879900779196 /* Base */,
			);
			name = Main.storyboard;
			sourceTree = "<group>";
		};
		798FD2DA2884879B00779196 /* LaunchScreen.storyboard */ = {
			isa = PBXVariantGroup;
			children = (
				798FD2DB2884879B00779196 /* Base */,
			);
			name = LaunchScreen.storyboard;
			sourceTree = "<group>";
		};
/* End PBXVariantGroup section */

/* Begin XCBuildConfiguration section */
		798FD2DD2884879B00779196 /* Debug */ = {
			isa = XCBuildConfiguration;
			buildSettings = {
				ALWAYS_SEARCH_USER_PATHS = NO;
				CLANG_ANALYZER_NONNULL = YES;
				CLANG_ANALYZER_NUMBER_OBJECT_CONVERSION = YES_AGGRESSIVE;
				CLANG_CXX_LANGUAGE_STANDARD = "gnu++17";
				CLANG_ENABLE_MODULES = YES;
				CLANG_ENABLE_OBJC_ARC = YES;
				CLANG_ENABLE_OBJC_WEAK = YES;
				CLANG_WARN_BLOCK_CAPTURE_AUTORELEASING = YES;
				CLANG_WARN_BOOL_CONVERSION = YES;
				CLANG_WARN_COMMA = YES;
				CLANG_WARN_CONSTANT_CONVERSION = YES;
				CLANG_WARN_DEPRECATED_OBJC_IMPLEMENTATIONS = YES;
				CLANG_WARN_DIRECT_OBJC_ISA_USAGE = YES_ERROR;
				CLANG_WARN_DOCUMENTATION_COMMENTS = YES;
				CLANG_WARN_EMPTY_BODY = YES;
				CLANG_WARN_ENUM_CONVERSION = YES;
				CLANG_WARN_INFINITE_RECURSION = YES;
				CLANG_WARN_INT_CONVERSION = YES;
				CLANG_WARN_NON_LITERAL_NULL_CONVERSION = YES;
				CLANG_WARN_OBJC_IMPLICIT_RETAIN_SELF = YES;
				CLANG_WARN_OBJC_LITERAL_CONVERSION = YES;
				CLANG_WARN_OBJC_ROOT_CLASS = YES_ERROR;
				CLANG_WARN_QUOTED_INCLUDE_IN_FRAMEWORK_HEADER = YES;
				CLANG_WARN_RANGE_LOOP_ANALYSIS = YES;
				CLANG_WARN_STRICT_PROTOTYPES = YES;
				CLANG_WARN_SUSPICIOUS_MOVE = YES;
				CLANG_WARN_UNGUARDED_AVAILABILITY = YES_AGGRESSIVE;
				CLANG_WARN_UNREACHABLE_CODE = YES;
				CLANG_WARN__DUPLICATE_METHOD_MATCH = YES;
				COPY_PHASE_STRIP = NO;
				DEBUG_INFORMATION_FORMAT = dwarf;
				ENABLE_STRICT_OBJC_MSGSEND = YES;
				ENABLE_TESTABILITY = YES;
				GCC_C_LANGUAGE_STANDARD = gnu11;
				GCC_DYNAMIC_NO_PIC = NO;
				GCC_NO_COMMON_BLOCKS = YES;
				GCC_OPTIMIZATION_LEVEL = 0;
				GCC_PREPROCESSOR_DEFINITIONS = (
					"DEBUG=1",
					"$(inherited)",
				);
				GCC_WARN_64_TO_32_BIT_CONVERSION = YES;
				GCC_WARN_ABOUT_RETURN_TYPE = YES_ERROR;
				GCC_WARN_UNDECLARED_SELECTOR = YES;
				GCC_WARN_UNINITIALIZED_AUTOS = YES_AGGRESSIVE;
				GCC_WARN_UNUSED_FUNCTION = YES;
				GCC_WARN_UNUSED_VARIABLE = YES;
				IPHONEOS_DEPLOYMENT_TARGET = 15.0;
				MTL_ENABLE_DEBUG_INFO = INCLUDE_SOURCE;
				MTL_FAST_MATH = YES;
				ONLY_ACTIVE_ARCH = YES;
				SDKROOT = iphoneos;
				SWIFT_ACTIVE_COMPILATION_CONDITIONS = DEBUG;
				SWIFT_OPTIMIZATION_LEVEL = "-Onone";
			};
			name = Debug;
		};
		798FD2DE2884879B00779196 /* Release */ = {
			isa = XCBuildConfiguration;
			buildSettings = {
				ALWAYS_SEARCH_USER_PATHS = NO;
				CLANG_ANALYZER_NONNULL = YES;
				CLANG_ANALYZER_NUMBER_OBJECT_CONVERSION = YES_AGGRESSIVE;
				CLANG_CXX_LANGUAGE_STANDARD = "gnu++17";
				CLANG_ENABLE_MODULES = YES;
				CLANG_ENABLE_OBJC_ARC = YES;
				CLANG_ENABLE_OBJC_WEAK = YES;
				CLANG_WARN_BLOCK_CAPTURE_AUTORELEASING = YES;
				CLANG_WARN_BOOL_CONVERSION = YES;
				CLANG_WARN_COMMA = YES;
				CLANG_WARN_CONSTANT_CONVERSION = YES;
				CLANG_WARN_DEPRECATED_OBJC_IMPLEMENTATIONS = YES;
				CLANG_WARN_DIRECT_OBJC_ISA_USAGE = YES_ERROR;
				CLANG_WARN_DOCUMENTATION_COMMENTS = YES;
				CLANG_WARN_EMPTY_BODY = YES;
				CLANG_WARN_ENUM_CONVERSION = YES;
				CLANG_WARN_INFINITE_RECURSION = YES;
				CLANG_WARN_INT_CONVERSION = YES;
				CLANG_WARN_NON_LITERAL_NULL_CONVERSION = YES;
				CLANG_WARN_OBJC_IMPLICIT_RETAIN_SELF = YES;
				CLANG_WARN_OBJC_LITERAL_CONVERSION = YES;
				CLANG_WARN_OBJC_ROOT_CLASS = YES_ERROR;
				CLANG_WARN_QUOTED_INCLUDE_IN_FRAMEWORK_HEADER = YES;
				CLANG_WARN_RANGE_LOOP_ANALYSIS = YES;
				CLANG_WARN_STRICT_PROTOTYPES = YES;
				CLANG_WARN_SUSPICIOUS_MOVE = YES;
				CLANG_WARN_UNGUARDED_AVAILABILITY = YES_AGGRESSIVE;
				CLANG_WARN_UNREACHABLE_CODE = YES;
				CLANG_WARN__DUPLICATE_METHOD_MATCH = YES;
				COPY_PHASE_STRIP = NO;
				DEBUG_INFORMATION_FORMAT = "dwarf-with-dsym";
				ENABLE_NS_ASSERTIONS = NO;
				ENABLE_STRICT_OBJC_MSGSEND = YES;
				GCC_C_LANGUAGE_STANDARD = gnu11;
				GCC_NO_COMMON_BLOCKS = YES;
				GCC_WARN_64_TO_32_BIT_CONVERSION = YES;
				GCC_WARN_ABOUT_RETURN_TYPE = YES_ERROR;
				GCC_WARN_UNDECLARED_SELECTOR = YES;
				GCC_WARN_UNINITIALIZED_AUTOS = YES_AGGRESSIVE;
				GCC_WARN_UNUSED_FUNCTION = YES;
				GCC_WARN_UNUSED_VARIABLE = YES;
				IPHONEOS_DEPLOYMENT_TARGET = 15.0;
				MTL_ENABLE_DEBUG_INFO = NO;
				MTL_FAST_MATH = YES;
				SDKROOT = iphoneos;
				SWIFT_COMPILATION_MODE = wholemodule;
				SWIFT_OPTIMIZATION_LEVEL = "-O";
				VALIDATE_PRODUCT = YES;
			};
			name = Release;
		};
		798FD2E02884879B00779196 /* Debug */ = {
			isa = XCBuildConfiguration;
			buildSettings = {
				ASSETCATALOG_COMPILER_APPICON_NAME = AppIcon;
				ASSETCATALOG_COMPILER_GLOBAL_ACCENT_COLOR_NAME = AccentColor;
				CODE_SIGN_STYLE = Automatic;
				CURRENT_PROJECT_VERSION = 1;
				DEVELOPMENT_TEAM = 3K8G9267R4;
				GENERATE_INFOPLIST_FILE = YES;
				INFOPLIST_FILE = "Colour-Shift-Info.plist";
				INFOPLIST_KEY_UIApplicationSupportsIndirectInputEvents = YES;
				INFOPLIST_KEY_UILaunchStoryboardName = LaunchScreen;
				INFOPLIST_KEY_UIMainStoryboardFile = Main;
				INFOPLIST_KEY_UIStatusBarHidden = YES;
				INFOPLIST_KEY_UISupportedInterfaceOrientations = UIInterfaceOrientationPortrait;
				INFOPLIST_KEY_UISupportedInterfaceOrientations_iPad = "UIInterfaceOrientationPortrait UIInterfaceOrientationPortraitUpsideDown UIInterfaceOrientationLandscapeLeft UIInterfaceOrientationLandscapeRight";
				INFOPLIST_KEY_UISupportedInterfaceOrientations_iPhone = "UIInterfaceOrientationPortrait UIInterfaceOrientationLandscapeLeft UIInterfaceOrientationLandscapeRight";
				IPHONEOS_DEPLOYMENT_TARGET = 15.0;
				LD_RUNPATH_SEARCH_PATHS = (
					"$(inherited)",
					"@executable_path/Frameworks",
				);
				MARKETING_VERSION = 1.0;
				PRODUCT_BUNDLE_IDENTIFIER = "com.JadenScali.Colour-Climb";
				PRODUCT_NAME = "Colour Climb";
				SWIFT_EMIT_LOC_STRINGS = YES;
				SWIFT_VERSION = 5.0;
				TARGETED_DEVICE_FAMILY = 1;
			};
			name = Debug;
		};
		798FD2E12884879B00779196 /* Release */ = {
			isa = XCBuildConfiguration;
			buildSettings = {
				ASSETCATALOG_COMPILER_APPICON_NAME = AppIcon;
				ASSETCATALOG_COMPILER_GLOBAL_ACCENT_COLOR_NAME = AccentColor;
				CODE_SIGN_STYLE = Automatic;
				CURRENT_PROJECT_VERSION = 1;
				DEVELOPMENT_TEAM = 3K8G9267R4;
				GENERATE_INFOPLIST_FILE = YES;
				INFOPLIST_FILE = "Colour-Shift-Info.plist";
				INFOPLIST_KEY_UIApplicationSupportsIndirectInputEvents = YES;
				INFOPLIST_KEY_UILaunchStoryboardName = LaunchScreen;
				INFOPLIST_KEY_UIMainStoryboardFile = Main;
				INFOPLIST_KEY_UIStatusBarHidden = YES;
				INFOPLIST_KEY_UISupportedInterfaceOrientations = UIInterfaceOrientationPortrait;
				INFOPLIST_KEY_UISupportedInterfaceOrientations_iPad = "UIInterfaceOrientationPortrait UIInterfaceOrientationPortraitUpsideDown UIInterfaceOrientationLandscapeLeft UIInterfaceOrientationLandscapeRight";
				INFOPLIST_KEY_UISupportedInterfaceOrientations_iPhone = "UIInterfaceOrientationPortrait UIInterfaceOrientationLandscapeLeft UIInterfaceOrientationLandscapeRight";
				IPHONEOS_DEPLOYMENT_TARGET = 15.0;
				LD_RUNPATH_SEARCH_PATHS = (
					"$(inherited)",
					"@executable_path/Frameworks",
				);
				MARKETING_VERSION = 1.0;
				PRODUCT_BUNDLE_IDENTIFIER = "com.JadenScali.Colour-Climb";
				PRODUCT_NAME = "Colour Climb";
				SWIFT_EMIT_LOC_STRINGS = YES;
				SWIFT_VERSION = 5.0;
				TARGETED_DEVICE_FAMILY = 1;
			};
			name = Release;
		};
/* End XCBuildConfiguration section */

/* Begin XCConfigurationList section */
		798FD2C32884879900779196 /* Build configuration list for PBXProject "Colour Shift" */ = {
			isa = XCConfigurationList;
			buildConfigurations = (
				798FD2DD2884879B00779196 /* Debug */,
				798FD2DE2884879B00779196 /* Release */,
			);
			defaultConfigurationIsVisible = 0;
			defaultConfigurationName = Release;
		};
		798FD2DF2884879B00779196 /* Build configuration list for PBXNativeTarget "Colour Shift" */ = {
			isa = XCConfigurationList;
			buildConfigurations = (
				798FD2E02884879B00779196 /* Debug */,
				798FD2E12884879B00779196 /* Release */,
			);
			defaultConfigurationIsVisible = 0;
			defaultConfigurationName = Release;
		};
/* End XCConfigurationList section */
	};
	rootObject = 798FD2C02884879900779196 /* Project object */;
}
